
Microsoft Visual Studio Solution File, Format Version 12.00
# Visual Studio Version 17
VisualStudioVersion = 17.3.32929.385
MinimumVisualStudioVersion = 10.0.40219.1
Project("{FAE04EC0-301F-11D3-BF4B-00C04F79EFBC}") = "HealtycomMobileShopApp.Android", "HealtycomMobileShopApp\HealtycomMobileShopApp.Android\HealtycomMobileShopApp.Android.csproj", "{CEA65C31-7EC6-4D63-97CA-9EB390A4C6BC}"
EndProject
Project("{FAE04EC0-301F-11D3-BF4B-00C04F79EFBC}") = "HealtycomMobileShopApp.iOS", "HealtycomMobileShopApp\HealtycomMobileShopApp.iOS\HealtycomMobileShopApp.iOS.csproj", "{470DBE4A-B089-410E-9FF7-106F454ED9F3}"
EndProject
Project("{9A19103F-16F7-4668-BE54-9A1E7A4F7556}") = "HealtycomMobileShopApp", "HealtycomMobileShopApp\HealtycomMobileShopApp\HealtycomMobileShopApp.csproj", "{193480F2-DF9E-4B14-9956-22486DE09097}"
EndProject
Project("{2150E333-8FDC-42A3-9474-1A3956D46DE8}") = "Mobile", "Mobile", "{2CE77E16-95B8-4734-84CC-01B8B4548F38}"
EndProject
Global
	GlobalSection(SolutionConfigurationPlatforms) = preSolution
		Debug|Any CPU = Debug|Any CPU
		Debug|iPhone = Debug|iPhone
		Debug|iPhoneSimulator = Debug|iPhoneSimulator
		Release|Any CPU = Release|Any CPU
		Release|iPhone = Release|iPhone
		Release|iPhoneSimulator = Release|iPhoneSimulator
	EndGlobalSection
	GlobalSection(ProjectConfigurationPlatforms) = postSolution
		{CEA65C31-7EC6-4D63-97CA-9EB390A4C6BC}.Debug|Any CPU.ActiveCfg = Debug|Any CPU
		{CEA65C31-7EC6-4D63-97CA-9EB390A4C6BC}.Debug|Any CPU.Build.0 = Debug|Any CPU
		{CEA65C31-7EC6-4D63-97CA-9EB390A4C6BC}.Debug|Any CPU.Deploy.0 = Debug|Any CPU
		{CEA65C31-7EC6-4D63-97CA-9EB390A4C6BC}.Debug|iPhone.ActiveCfg = Debug|Any CPU
		{CEA65C31-7EC6-4D63-97CA-9EB390A4C6BC}.Debug|iPhone.Build.0 = Debug|Any CPU
		{CEA65C31-7EC6-4D63-97CA-9EB390A4C6BC}.Debug|iPhone.Deploy.0 = Debug|Any CPU
		{CEA65C31-7EC6-4D63-97CA-9EB390A4C6BC}.Debug|iPhoneSimulator.ActiveCfg = Debug|Any CPU
		{CEA65C31-7EC6-4D63-97CA-9EB390A4C6BC}.Debug|iPhoneSimulator.Build.0 = Debug|Any CPU
		{CEA65C31-7EC6-4D63-97CA-9EB390A4C6BC}.Debug|iPhoneSimulator.Deploy.0 = Debug|Any CPU
		{CEA65C31-7EC6-4D63-97CA-9EB390A4C6BC}.Release|Any CPU.ActiveCfg = Release|Any CPU
		{CEA65C31-7EC6-4D63-97CA-9EB390A4C6BC}.Release|Any CPU.Build.0 = Release|Any CPU
		{CEA65C31-7EC6-4D63-97CA-9EB390A4C6BC}.Release|Any CPU.Deploy.0 = Release|Any CPU
		{CEA65C31-7EC6-4D63-97CA-9EB390A4C6BC}.Release|iPhone.ActiveCfg = Release|Any CPU
		{CEA65C31-7EC6-4D63-97CA-9EB390A4C6BC}.Release|iPhone.Build.0 = Release|Any CPU
		{CEA65C31-7EC6-4D63-97CA-9EB390A4C6BC}.Release|iPhone.Deploy.0 = Release|Any CPU
		{CEA65C31-7EC6-4D63-97CA-9EB390A4C6BC}.Release|iPhoneSimulator.ActiveCfg = Release|Any CPU
		{CEA65C31-7EC6-4D63-97CA-9EB390A4C6BC}.Release|iPhoneSimulator.Build.0 = Release|Any CPU
		{CEA65C31-7EC6-4D63-97CA-9EB390A4C6BC}.Release|iPhoneSimulator.Deploy.0 = Release|Any CPU
		{470DBE4A-B089-410E-9FF7-106F454ED9F3}.Debug|Any CPU.ActiveCfg = Debug|iPhoneSimulator
		{470DBE4A-B089-410E-9FF7-106F454ED9F3}.Debug|Any CPU.Build.0 = Debug|iPhoneSimulator
		{470DBE4A-B089-410E-9FF7-106F454ED9F3}.Debug|Any CPU.Deploy.0 = Debug|iPhoneSimulator
		{470DBE4A-B089-410E-9FF7-106F454ED9F3}.Debug|iPhone.ActiveCfg = Debug|iPhone
		{470DBE4A-B089-410E-9FF7-106F454ED9F3}.Debug|iPhone.Build.0 = Debug|iPhone
		{470DBE4A-B089-410E-9FF7-106F454ED9F3}.Debug|iPhone.Deploy.0 = Debug|iPhone
		{470DBE4A-B089-410E-9FF7-106F454ED9F3}.Debug|iPhoneSimulator.ActiveCfg = Debug|iPhoneSimulator
		{470DBE4A-B089-410E-9FF7-106F454ED9F3}.Debug|iPhoneSimulator.Build.0 = Debug|iPhoneSimulator
		{470DBE4A-B089-410E-9FF7-106F454ED9F3}.Debug|iPhoneSimulator.Deploy.0 = Debug|iPhoneSimulator
		{470DBE4A-B089-410E-9FF7-106F454ED9F3}.Release|Any CPU.ActiveCfg = Release|iPhoneSimulator
		{470DBE4A-B089-410E-9FF7-106F454ED9F3}.Release|Any CPU.Build.0 = Release|iPhoneSimulator
		{470DBE4A-B089-410E-9FF7-106F454ED9F3}.Release|Any CPU.Deploy.0 = Release|iPhoneSimulator
		{470DBE4A-B089-410E-9FF7-106F454ED9F3}.Release|iPhone.ActiveCfg = Release|iPhone
		{470DBE4A-B089-410E-9FF7-106F454ED9F3}.Release|iPhone.Build.0 = Release|iPhone
		{470DBE4A-B089-410E-9FF7-106F454ED9F3}.Release|iPhone.Deploy.0 = Release|iPhone
		{470DBE4A-B089-410E-9FF7-106F454ED9F3}.Release|iPhoneSimulator.ActiveCfg = Release|iPhoneSimulator
		{470DBE4A-B089-410E-9FF7-106F454ED9F3}.Release|iPhoneSimulator.Build.0 = Release|iPhoneSimulator
		{470DBE4A-B089-410E-9FF7-106F454ED9F3}.Release|iPhoneSimulator.Deploy.0 = Release|iPhoneSimulator
		{193480F2-DF9E-4B14-9956-22486DE09097}.Debug|Any CPU.ActiveCfg = Debug|Any CPU
		{193480F2-DF9E-4B14-9956-22486DE09097}.Debug|Any CPU.Build.0 = Debug|Any CPU
		{193480F2-DF9E-4B14-9956-22486DE09097}.Debug|Any CPU.Deploy.0 = Debug|Any CPU
		{193480F2-DF9E-4B14-9956-22486DE09097}.Debug|iPhone.ActiveCfg = Debug|Any CPU
		{193480F2-DF9E-4B14-9956-22486DE09097}.Debug|iPhone.Build.0 = Debug|Any CPU
		{193480F2-DF9E-4B14-9956-22486DE09097}.Debug|iPhone.Deploy.0 = Debug|Any CPU
		{193480F2-DF9E-4B14-9956-22486DE09097}.Debug|iPhoneSimulator.ActiveCfg = Debug|Any CPU
		{193480F2-DF9E-4B14-9956-22486DE09097}.Debug|iPhoneSimulator.Build.0 = Debug|Any CPU
		{193480F2-DF9E-4B14-9956-22486DE09097}.Debug|iPhoneSimulator.Deploy.0 = Debug|Any CPU
		{193480F2-DF9E-4B14-9956-22486DE09097}.Release|Any CPU.ActiveCfg = Release|Any CPU
		{193480F2-DF9E-4B14-9956-22486DE09097}.Release|Any CPU.Build.0 = Release|Any CPU
		{193480F2-DF9E-4B14-9956-22486DE09097}.Release|Any CPU.Deploy.0 = Release|Any CPU
		{193480F2-DF9E-4B14-9956-22486DE09097}.Release|iPhone.ActiveCfg = Release|Any CPU
		{193480F2-DF9E-4B14-9956-22486DE09097}.Release|iPhone.Build.0 = Release|Any CPU
		{193480F2-DF9E-4B14-9956-22486DE09097}.Release|iPhone.Deploy.0 = Release|Any CPU
		{193480F2-DF9E-4B14-9956-22486DE09097}.Release|iPhoneSimulator.ActiveCfg = Release|Any CPU
		{193480F2-DF9E-4B14-9956-22486DE09097}.Release|iPhoneSimulator.Build.0 = Release|Any CPU
		{193480F2-DF9E-4B14-9956-22486DE09097}.Release|iPhoneSimulator.Deploy.0 = Release|Any CPU
	EndGlobalSection
	GlobalSection(SolutionProperties) = preSolution
		HideSolutionNode = FALSE
	EndGlobalSection
	GlobalSection(NestedProjects) = preSolution
		{CEA65C31-7EC6-4D63-97CA-9EB390A4C6BC} = {2CE77E16-95B8-4734-84CC-01B8B4548F38}
		{470DBE4A-B089-410E-9FF7-106F454ED9F3} = {2CE77E16-95B8-4734-84CC-01B8B4548F38}
		{193480F2-DF9E-4B14-9956-22486DE09097} = {2CE77E16-95B8-4734-84CC-01B8B4548F38}
	EndGlobalSection
	GlobalSection(ExtensibilityGlobals) = postSolution
		SolutionGuid = {D2617FED-EB61-4387-AB71-9616032F777A}
	EndGlobalSection
	GlobalSection(MonoDevelopProperties) = preSolution
		Policies = $0
		$0.DotNetNamingPolicy = $1
		$1.DirectoryNamespaceAssociation = PrefixedHierarchical
		$0.TextStylePolicy = $4
	EndGlobalSection
EndGlobal
